<?xml version="1.0" encoding="utf-8"?>
<Project ToolsVersion="17.0" xmlns="http://schemas.microsoft.com/developer/msbuild/2003">
  <ItemGroup>
    <ClCompile Include="D:\Study\Python\Lib\opencv_contrib-4.5.0\modules\cudalegacy\src\NCV.cpp">
      <Filter>Src</Filter>
    </ClCompile>
    <ClCompile Include="D:\Study\Python\Lib\opencv_contrib-4.5.0\modules\cudalegacy\src\bm.cpp">
      <Filter>Src</Filter>
    </ClCompile>
    <ClCompile Include="D:\Study\Python\Lib\opencv_contrib-4.5.0\modules\cudalegacy\src\bm_fast.cpp">
      <Filter>Src</Filter>
    </ClCompile>
    <ClCompile Include="D:\Study\Python\Lib\opencv_contrib-4.5.0\modules\cudalegacy\src\calib3d.cpp">
      <Filter>Src</Filter>
    </ClCompile>
    <ClCompile Include="D:\Study\Python\Lib\opencv_contrib-4.5.0\modules\cudalegacy\src\fgd.cpp">
      <Filter>Src</Filter>
    </ClCompile>
    <ClCompile Include="D:\Study\Python\Lib\opencv_contrib-4.5.0\modules\cudalegacy\src\gmg.cpp">
      <Filter>Src</Filter>
    </ClCompile>
    <ClCompile Include="D:\Study\Python\Lib\opencv_contrib-4.5.0\modules\cudalegacy\src\graphcuts.cpp">
      <Filter>Src</Filter>
    </ClCompile>
    <ClCompile Include="D:\Study\Python\Lib\opencv_contrib-4.5.0\modules\cudalegacy\src\image_pyramid.cpp">
      <Filter>Src</Filter>
    </ClCompile>
    <ClCompile Include="D:\Study\Python\Lib\opencv_contrib-4.5.0\modules\cudalegacy\src\interpolate_frames.cpp">
      <Filter>Src</Filter>
    </ClCompile>
    <ClCompile Include="D:\Study\Python\Lib\opencv_contrib-4.5.0\modules\cudalegacy\src\needle_map.cpp">
      <Filter>Src</Filter>
    </ClCompile>
    <ClCompile Include="D:\Study\Python\Lib\opencv-4.5.0\build\modules\cudalegacy\opencv_cudalegacy_main.cpp">
      <Filter>Source Files</Filter>
    </ClCompile>
  </ItemGroup>
  <ItemGroup>
    <ClInclude Include="D:\Study\Python\Lib\opencv_contrib-4.5.0\modules\cudalegacy\include\opencv2\cudalegacy.hpp">
      <Filter>Include\opencv2</Filter>
    </ClInclude>
    <ClInclude Include="D:\Study\Python\Lib\opencv_contrib-4.5.0\modules\cudalegacy\include\opencv2\cudalegacy\NCV.hpp">
      <Filter>Include\opencv2\cudalegacy</Filter>
    </ClInclude>
    <ClInclude Include="D:\Study\Python\Lib\opencv_contrib-4.5.0\modules\cudalegacy\include\opencv2\cudalegacy\NCVBroxOpticalFlow.hpp">
      <Filter>Include\opencv2\cudalegacy</Filter>
    </ClInclude>
    <ClInclude Include="D:\Study\Python\Lib\opencv_contrib-4.5.0\modules\cudalegacy\include\opencv2\cudalegacy\NCVHaarObjectDetection.hpp">
      <Filter>Include\opencv2\cudalegacy</Filter>
    </ClInclude>
    <ClInclude Include="D:\Study\Python\Lib\opencv_contrib-4.5.0\modules\cudalegacy\include\opencv2\cudalegacy\NCVPyramid.hpp">
      <Filter>Include\opencv2\cudalegacy</Filter>
    </ClInclude>
    <ClInclude Include="D:\Study\Python\Lib\opencv_contrib-4.5.0\modules\cudalegacy\include\opencv2\cudalegacy\NPP_staging.hpp">
      <Filter>Include\opencv2\cudalegacy</Filter>
    </ClInclude>
    <ClInclude Include="D:\Study\Python\Lib\opencv_contrib-4.5.0\modules\cudalegacy\include\opencv2\cudalegacy\private.hpp">
      <Filter>Include\opencv2\cudalegacy</Filter>
    </ClInclude>
    <ClInclude Include="D:\Study\Python\Lib\opencv_contrib-4.5.0\modules\cudalegacy\src\cuda\NCVAlg.hpp">
      <Filter>Src\cuda</Filter>
    </ClInclude>
    <ClInclude Include="D:\Study\Python\Lib\opencv_contrib-4.5.0\modules\cudalegacy\src\cuda\NCVColorConversion.hpp">
      <Filter>Src\cuda</Filter>
    </ClInclude>
    <ClInclude Include="D:\Study\Python\Lib\opencv_contrib-4.5.0\modules\cudalegacy\src\cuda\NCVPixelOperations.hpp">
      <Filter>Src\cuda</Filter>
    </ClInclude>
    <ClInclude Include="D:\Study\Python\Lib\opencv_contrib-4.5.0\modules\cudalegacy\src\cuda\NCVRuntimeTemplates.hpp">
      <Filter>Src\cuda</Filter>
    </ClInclude>
    <ClInclude Include="D:\Study\Python\Lib\opencv_contrib-4.5.0\modules\cudalegacy\src\cuda\fgd.hpp">
      <Filter>Src\cuda</Filter>
    </ClInclude>
    <ClInclude Include="D:\Study\Python\Lib\opencv_contrib-4.5.0\modules\cudalegacy\src\precomp.hpp">
      <Filter>Src</Filter>
    </ClInclude>
    <ClInclude Include="D:\Study\Python\Lib\opencv-4.5.0\build\cvconfig.h">
      <Filter>Include</Filter>
    </ClInclude>
    <ClInclude Include="D:\Study\Python\Lib\opencv-4.5.0\build\opencv2\opencv_modules.hpp">
      <Filter>Include</Filter>
    </ClInclude>
  </ItemGroup>
  <ItemGroup>
    <CustomBuild Include="D:\Study\Python\Lib\opencv_contrib-4.5.0\modules\cudalegacy\src\cuda\NCV.cu">
      <Filter>Src\Cuda</Filter>
    </CustomBuild>
    <CustomBuild Include="D:\Study\Python\Lib\opencv_contrib-4.5.0\modules\cudalegacy\src\cuda\NCVBroxOpticalFlow.cu">
      <Filter>Src\Cuda</Filter>
    </CustomBuild>
    <CustomBuild Include="D:\Study\Python\Lib\opencv_contrib-4.5.0\modules\cudalegacy\src\cuda\NCVHaarObjectDetection.cu">
      <Filter>Src\Cuda</Filter>
    </CustomBuild>
    <CustomBuild Include="D:\Study\Python\Lib\opencv_contrib-4.5.0\modules\cudalegacy\src\cuda\NCVPyramid.cu">
      <Filter>Src\Cuda</Filter>
    </CustomBuild>
    <CustomBuild Include="D:\Study\Python\Lib\opencv_contrib-4.5.0\modules\cudalegacy\src\cuda\NPP_staging.cu">
      <Filter>Src\Cuda</Filter>
    </CustomBuild>
    <CustomBuild Include="D:\Study\Python\Lib\opencv_contrib-4.5.0\modules\cudalegacy\src\cuda\bm.cu">
      <Filter>Src\Cuda</Filter>
    </CustomBuild>
    <CustomBuild Include="D:\Study\Python\Lib\opencv_contrib-4.5.0\modules\cudalegacy\src\cuda\bm_fast.cu">
      <Filter>Src\Cuda</Filter>
    </CustomBuild>
    <CustomBuild Include="D:\Study\Python\Lib\opencv_contrib-4.5.0\modules\cudalegacy\src\cuda\calib3d.cu">
      <Filter>Src\Cuda</Filter>
    </CustomBuild>
    <CustomBuild Include="D:\Study\Python\Lib\opencv_contrib-4.5.0\modules\cudalegacy\src\cuda\ccomponetns.cu">
      <Filter>Src\Cuda</Filter>
    </CustomBuild>
    <CustomBuild Include="D:\Study\Python\Lib\opencv_contrib-4.5.0\modules\cudalegacy\src\cuda\fgd.cu">
      <Filter>Src\Cuda</Filter>
    </CustomBuild>
    <CustomBuild Include="D:\Study\Python\Lib\opencv_contrib-4.5.0\modules\cudalegacy\src\cuda\gmg.cu">
      <Filter>Src\Cuda</Filter>
    </CustomBuild>
    <CustomBuild Include="D:\Study\Python\Lib\opencv_contrib-4.5.0\modules\cudalegacy\src\cuda\needle_map.cu">
      <Filter>Src\Cuda</Filter>
    </CustomBuild>
  </ItemGroup>
  <ItemGroup>
    <Object Include="D:\Study\Python\Lib\opencv-4.5.0\build\modules\cudalegacy\CMakeFiles\cuda_compile_1.dir\src\cuda\$(Configuration)\cuda_compile_1_generated_NCV.cu.obj">
      <Filter>Object Files</Filter>
    </Object>
    <Object Include="D:\Study\Python\Lib\opencv-4.5.0\build\modules\cudalegacy\CMakeFiles\cuda_compile_1.dir\src\cuda\$(Configuration)\cuda_compile_1_generated_NCVBroxOpticalFlow.cu.obj">
      <Filter>Object Files</Filter>
    </Object>
    <Object Include="D:\Study\Python\Lib\opencv-4.5.0\build\modules\cudalegacy\CMakeFiles\cuda_compile_1.dir\src\cuda\$(Configuration)\cuda_compile_1_generated_NCVHaarObjectDetection.cu.obj">
      <Filter>Object Files</Filter>
    </Object>
    <Object Include="D:\Study\Python\Lib\opencv-4.5.0\build\modules\cudalegacy\CMakeFiles\cuda_compile_1.dir\src\cuda\$(Configuration)\cuda_compile_1_generated_NCVPyramid.cu.obj">
      <Filter>Object Files</Filter>
    </Object>
    <Object Include="D:\Study\Python\Lib\opencv-4.5.0\build\modules\cudalegacy\CMakeFiles\cuda_compile_1.dir\src\cuda\$(Configuration)\cuda_compile_1_generated_NPP_staging.cu.obj">
      <Filter>Object Files</Filter>
    </Object>
    <Object Include="D:\Study\Python\Lib\opencv-4.5.0\build\modules\cudalegacy\CMakeFiles\cuda_compile_1.dir\src\cuda\$(Configuration)\cuda_compile_1_generated_bm.cu.obj">
      <Filter>Object Files</Filter>
    </Object>
    <Object Include="D:\Study\Python\Lib\opencv-4.5.0\build\modules\cudalegacy\CMakeFiles\cuda_compile_1.dir\src\cuda\$(Configuration)\cuda_compile_1_generated_bm_fast.cu.obj">
      <Filter>Object Files</Filter>
    </Object>
    <Object Include="D:\Study\Python\Lib\opencv-4.5.0\build\modules\cudalegacy\CMakeFiles\cuda_compile_1.dir\src\cuda\$(Configuration)\cuda_compile_1_generated_calib3d.cu.obj">
      <Filter>Object Files</Filter>
    </Object>
    <Object Include="D:\Study\Python\Lib\opencv-4.5.0\build\modules\cudalegacy\CMakeFiles\cuda_compile_1.dir\src\cuda\$(Configuration)\cuda_compile_1_generated_ccomponetns.cu.obj">
      <Filter>Object Files</Filter>
    </Object>
    <Object Include="D:\Study\Python\Lib\opencv-4.5.0\build\modules\cudalegacy\CMakeFiles\cuda_compile_1.dir\src\cuda\$(Configuration)\cuda_compile_1_generated_fgd.cu.obj">
      <Filter>Object Files</Filter>
    </Object>
    <Object Include="D:\Study\Python\Lib\opencv-4.5.0\build\modules\cudalegacy\CMakeFiles\cuda_compile_1.dir\src\cuda\$(Configuration)\cuda_compile_1_generated_gmg.cu.obj">
      <Filter>Object Files</Filter>
    </Object>
    <Object Include="D:\Study\Python\Lib\opencv-4.5.0\build\modules\cudalegacy\CMakeFiles\cuda_compile_1.dir\src\cuda\$(Configuration)\cuda_compile_1_generated_needle_map.cu.obj">
      <Filter>Object Files</Filter>
    </Object>
  </ItemGroup>
  <ItemGroup>
    <ResourceCompile Include="D:\Study\Python\Lib\opencv-4.5.0\build\modules\cudalegacy\vs_version.rc">
      <Filter>Src</Filter>
    </ResourceCompile>
  </ItemGroup>
  <ItemGroup>
    <Filter Include="Include">
      <UniqueIdentifier>{7B934226-BF50-3DE1-B937-8EA8471035E2}</UniqueIdentifier>
    </Filter>
    <Filter Include="Include\opencv2">
      <UniqueIdentifier>{6F4F6A9B-E0CD-3FE5-B12D-891088625776}</UniqueIdentifier>
    </Filter>
    <Filter Include="Include\opencv2\cudalegacy">
      <UniqueIdentifier>{1511A827-84E0-3B28-9921-5F796C34D8D1}</UniqueIdentifier>
    </Filter>
    <Filter Include="Object Files">
      <UniqueIdentifier>{7B86EA94-EDAF-3F25-925E-4E600E1C0DED}</UniqueIdentifier>
    </Filter>
    <Filter Include="Source Files">
      <UniqueIdentifier>{724F6620-C0A2-3992-AF9D-62DBEF5A36C5}</UniqueIdentifier>
    </Filter>
    <Filter Include="Src">
      <UniqueIdentifier>{6BDAB249-4DEF-3DAD-A179-38B43786DF6F}</UniqueIdentifier>
    </Filter>
    <Filter Include="Src\Cuda">
      <UniqueIdentifier>{CFDB773B-21CA-3C62-9DD9-8C25DE9815B3}</UniqueIdentifier>
    </Filter>
    <Filter Include="Src\cuda">
      <UniqueIdentifier>{20893237-FD14-369A-8843-2AE9D8D4400B}</UniqueIdentifier>
    </Filter>
  </ItemGroup>
</Project>
