<?xml version="1.0" encoding="utf-8"?>
<Project ToolsVersion="17.0" xmlns="http://schemas.microsoft.com/developer/msbuild/2003">
  <ItemGroup>
    <ClCompile Include="D:\Study\Python\Lib\opencv-4.5.0\modules\photo\src\align.cpp">
      <Filter>Src</Filter>
    </ClCompile>
    <ClCompile Include="D:\Study\Python\Lib\opencv-4.5.0\modules\photo\src\calibrate.cpp">
      <Filter>Src</Filter>
    </ClCompile>
    <ClCompile Include="D:\Study\Python\Lib\opencv-4.5.0\modules\photo\src\contrast_preserve.cpp">
      <Filter>Src</Filter>
    </ClCompile>
    <ClCompile Include="D:\Study\Python\Lib\opencv-4.5.0\modules\photo\src\denoise_tvl1.cpp">
      <Filter>Src</Filter>
    </ClCompile>
    <ClCompile Include="D:\Study\Python\Lib\opencv-4.5.0\modules\photo\src\denoising.cpp">
      <Filter>Src</Filter>
    </ClCompile>
    <ClCompile Include="D:\Study\Python\Lib\opencv-4.5.0\modules\photo\src\denoising.cuda.cpp">
      <Filter>Src</Filter>
    </ClCompile>
    <ClCompile Include="D:\Study\Python\Lib\opencv-4.5.0\modules\photo\src\hdr_common.cpp">
      <Filter>Src</Filter>
    </ClCompile>
    <ClCompile Include="D:\Study\Python\Lib\opencv-4.5.0\modules\photo\src\inpaint.cpp">
      <Filter>Src</Filter>
    </ClCompile>
    <ClCompile Include="D:\Study\Python\Lib\opencv-4.5.0\modules\photo\src\merge.cpp">
      <Filter>Src</Filter>
    </ClCompile>
    <ClCompile Include="D:\Study\Python\Lib\opencv-4.5.0\modules\photo\src\npr.cpp">
      <Filter>Src</Filter>
    </ClCompile>
    <ClCompile Include="D:\Study\Python\Lib\opencv-4.5.0\modules\photo\src\seamless_cloning.cpp">
      <Filter>Src</Filter>
    </ClCompile>
    <ClCompile Include="D:\Study\Python\Lib\opencv-4.5.0\modules\photo\src\seamless_cloning_impl.cpp">
      <Filter>Src</Filter>
    </ClCompile>
    <ClCompile Include="D:\Study\Python\Lib\opencv-4.5.0\modules\photo\src\tonemap.cpp">
      <Filter>Src</Filter>
    </ClCompile>
    <ClCompile Include="D:\Study\Python\Lib\opencv-4.5.0\build\modules\photo\opencl_kernels_photo.cpp">
      <Filter>Src\opencl\kernels\autogenerated</Filter>
    </ClCompile>
    <ClCompile Include="D:\Study\Python\Lib\opencv-4.5.0\build\modules\photo\opencv_photo_main.cpp">
      <Filter>Source Files</Filter>
    </ClCompile>
  </ItemGroup>
  <ItemGroup>
    <ClInclude Include="D:\Study\Python\Lib\opencv-4.5.0\modules\photo\include\opencv2\photo.hpp">
      <Filter>Include\opencv2</Filter>
    </ClInclude>
    <ClInclude Include="D:\Study\Python\Lib\opencv-4.5.0\modules\photo\include\opencv2\photo\cuda.hpp">
      <Filter>Include\opencv2\photo</Filter>
    </ClInclude>
    <ClInclude Include="D:\Study\Python\Lib\opencv-4.5.0\modules\photo\include\opencv2\photo\legacy\constants_c.h">
      <Filter>Include\opencv2\photo\legacy</Filter>
    </ClInclude>
    <ClInclude Include="D:\Study\Python\Lib\opencv-4.5.0\modules\photo\include\opencv2\photo\photo.hpp">
      <Filter>Include\opencv2\photo</Filter>
    </ClInclude>
    <ClInclude Include="D:\Study\Python\Lib\opencv-4.5.0\build\modules\photo\opencl_kernels_photo.hpp">
      <Filter>Src\opencl\kernels\autogenerated</Filter>
    </ClInclude>
    <ClInclude Include="D:\Study\Python\Lib\opencv-4.5.0\modules\photo\src\arrays.hpp">
      <Filter>Src</Filter>
    </ClInclude>
    <ClInclude Include="D:\Study\Python\Lib\opencv-4.5.0\modules\photo\src\contrast_preserve.hpp">
      <Filter>Src</Filter>
    </ClInclude>
    <ClInclude Include="D:\Study\Python\Lib\opencv-4.5.0\modules\photo\src\fast_nlmeans_denoising_invoker.hpp">
      <Filter>Src</Filter>
    </ClInclude>
    <ClInclude Include="D:\Study\Python\Lib\opencv-4.5.0\modules\photo\src\fast_nlmeans_denoising_invoker_commons.hpp">
      <Filter>Src</Filter>
    </ClInclude>
    <ClInclude Include="D:\Study\Python\Lib\opencv-4.5.0\modules\photo\src\fast_nlmeans_denoising_opencl.hpp">
      <Filter>Src</Filter>
    </ClInclude>
    <ClInclude Include="D:\Study\Python\Lib\opencv-4.5.0\modules\photo\src\fast_nlmeans_multi_denoising_invoker.hpp">
      <Filter>Src</Filter>
    </ClInclude>
    <ClInclude Include="D:\Study\Python\Lib\opencv-4.5.0\modules\photo\src\hdr_common.hpp">
      <Filter>Src</Filter>
    </ClInclude>
    <ClInclude Include="D:\Study\Python\Lib\opencv-4.5.0\modules\photo\src\npr.hpp">
      <Filter>Src</Filter>
    </ClInclude>
    <ClInclude Include="D:\Study\Python\Lib\opencv-4.5.0\modules\photo\src\precomp.hpp">
      <Filter>Src</Filter>
    </ClInclude>
    <ClInclude Include="D:\Study\Python\Lib\opencv-4.5.0\modules\photo\src\seamless_cloning.hpp">
      <Filter>Src</Filter>
    </ClInclude>
    <ClInclude Include="D:\Study\Python\Lib\opencv-4.5.0\build\cvconfig.h">
      <Filter>Include</Filter>
    </ClInclude>
    <ClInclude Include="D:\Study\Python\Lib\opencv-4.5.0\build\opencv2\opencv_modules.hpp">
      <Filter>Include</Filter>
    </ClInclude>
  </ItemGroup>
  <ItemGroup>
    <CustomBuild Include="D:\Study\Python\Lib\opencv-4.5.0\build\CMakeFiles\c1b302dff3b2cebc668bd81519be5c0e\opencl_kernels_photo.cpp.rule">
      <Filter>CMake Rules</Filter>
    </CustomBuild>
    <CustomBuild Include="D:\Study\Python\Lib\opencv-4.5.0\modules\photo\src\cuda\nlm.cu">
      <Filter>Src\Cuda</Filter>
    </CustomBuild>
  </ItemGroup>
  <ItemGroup>
    <None Include="D:\Study\Python\Lib\opencv-4.5.0\modules\photo\src\opencl\nlmeans.cl">
      <Filter>Src\opencl\kernels</Filter>
    </None>
  </ItemGroup>
  <ItemGroup>
    <Object Include="D:\Study\Python\Lib\opencv-4.5.0\build\modules\photo\CMakeFiles\cuda_compile_1.dir\src\cuda\$(Configuration)\cuda_compile_1_generated_nlm.cu.obj">
      <Filter>Object Files</Filter>
    </Object>
  </ItemGroup>
  <ItemGroup>
    <ResourceCompile Include="D:\Study\Python\Lib\opencv-4.5.0\build\modules\photo\vs_version.rc">
      <Filter>Src</Filter>
    </ResourceCompile>
  </ItemGroup>
  <ItemGroup>
    <Filter Include="CMake Rules">
      <UniqueIdentifier>{16373809-72C4-3C94-9E1E-610450923A37}</UniqueIdentifier>
    </Filter>
    <Filter Include="Include">
      <UniqueIdentifier>{7B934226-BF50-3DE1-B937-8EA8471035E2}</UniqueIdentifier>
    </Filter>
    <Filter Include="Include\opencv2">
      <UniqueIdentifier>{6F4F6A9B-E0CD-3FE5-B12D-891088625776}</UniqueIdentifier>
    </Filter>
    <Filter Include="Include\opencv2\photo">
      <UniqueIdentifier>{E2865B74-D935-3CAD-A289-425036CC9132}</UniqueIdentifier>
    </Filter>
    <Filter Include="Include\opencv2\photo\legacy">
      <UniqueIdentifier>{089F03CE-6970-361A-B002-025391A2F41D}</UniqueIdentifier>
    </Filter>
    <Filter Include="Object Files">
      <UniqueIdentifier>{7B86EA94-EDAF-3F25-925E-4E600E1C0DED}</UniqueIdentifier>
    </Filter>
    <Filter Include="Source Files">
      <UniqueIdentifier>{724F6620-C0A2-3992-AF9D-62DBEF5A36C5}</UniqueIdentifier>
    </Filter>
    <Filter Include="Src">
      <UniqueIdentifier>{6BDAB249-4DEF-3DAD-A179-38B43786DF6F}</UniqueIdentifier>
    </Filter>
    <Filter Include="Src\Cuda">
      <UniqueIdentifier>{CFDB773B-21CA-3C62-9DD9-8C25DE9815B3}</UniqueIdentifier>
    </Filter>
    <Filter Include="Src\opencl">
      <UniqueIdentifier>{EDD8F861-BFC7-3D19-BFFB-15710C273F99}</UniqueIdentifier>
    </Filter>
    <Filter Include="Src\opencl\kernels">
      <UniqueIdentifier>{512BCC15-AD11-3EAE-B11E-ECC5C4FCCACA}</UniqueIdentifier>
    </Filter>
    <Filter Include="Src\opencl\kernels\autogenerated">
      <UniqueIdentifier>{8CE9D8A4-D183-35F8-9095-03E22E229446}</UniqueIdentifier>
    </Filter>
  </ItemGroup>
</Project>
