<?xml version="1.0" encoding="utf-8"?>
<Project ToolsVersion="17.0" xmlns="http://schemas.microsoft.com/developer/msbuild/2003">
  <ItemGroup>
    <ClCompile Include="D:\Study\Python\Lib\opencv-4.5.0\modules\imgcodecs\src\loadsave.cpp">
      <Filter>Src</Filter>
    </ClCompile>
    <ClCompile Include="D:\Study\Python\Lib\opencv-4.5.0\modules\imgcodecs\src\utils.cpp">
      <Filter>Src</Filter>
    </ClCompile>
    <ClCompile Include="D:\Study\Python\Lib\opencv-4.5.0\modules\imgcodecs\src\grfmt_base.cpp">
      <Filter>Src\grfmts</Filter>
    </ClCompile>
    <ClCompile Include="D:\Study\Python\Lib\opencv-4.5.0\modules\imgcodecs\src\grfmt_bmp.cpp">
      <Filter>Src\grfmts</Filter>
    </ClCompile>
    <ClCompile Include="D:\Study\Python\Lib\opencv-4.5.0\modules\imgcodecs\src\grfmt_exr.cpp">
      <Filter>Src\grfmts</Filter>
    </ClCompile>
    <ClCompile Include="D:\Study\Python\Lib\opencv-4.5.0\modules\imgcodecs\src\grfmt_gdal.cpp">
      <Filter>Src\grfmts</Filter>
    </ClCompile>
    <ClCompile Include="D:\Study\Python\Lib\opencv-4.5.0\modules\imgcodecs\src\grfmt_gdcm.cpp">
      <Filter>Src\grfmts</Filter>
    </ClCompile>
    <ClCompile Include="D:\Study\Python\Lib\opencv-4.5.0\modules\imgcodecs\src\grfmt_hdr.cpp">
      <Filter>Src\grfmts</Filter>
    </ClCompile>
    <ClCompile Include="D:\Study\Python\Lib\opencv-4.5.0\modules\imgcodecs\src\grfmt_jpeg.cpp">
      <Filter>Src\grfmts</Filter>
    </ClCompile>
    <ClCompile Include="D:\Study\Python\Lib\opencv-4.5.0\modules\imgcodecs\src\grfmt_jpeg2000.cpp">
      <Filter>Src\grfmts</Filter>
    </ClCompile>
    <ClCompile Include="D:\Study\Python\Lib\opencv-4.5.0\modules\imgcodecs\src\grfmt_jpeg2000_openjpeg.cpp">
      <Filter>Src\grfmts</Filter>
    </ClCompile>
    <ClCompile Include="D:\Study\Python\Lib\opencv-4.5.0\modules\imgcodecs\src\grfmt_pam.cpp">
      <Filter>Src\grfmts</Filter>
    </ClCompile>
    <ClCompile Include="D:\Study\Python\Lib\opencv-4.5.0\modules\imgcodecs\src\grfmt_pfm.cpp">
      <Filter>Src\grfmts</Filter>
    </ClCompile>
    <ClCompile Include="D:\Study\Python\Lib\opencv-4.5.0\modules\imgcodecs\src\grfmt_png.cpp">
      <Filter>Src\grfmts</Filter>
    </ClCompile>
    <ClCompile Include="D:\Study\Python\Lib\opencv-4.5.0\modules\imgcodecs\src\grfmt_pxm.cpp">
      <Filter>Src\grfmts</Filter>
    </ClCompile>
    <ClCompile Include="D:\Study\Python\Lib\opencv-4.5.0\modules\imgcodecs\src\grfmt_sunras.cpp">
      <Filter>Src\grfmts</Filter>
    </ClCompile>
    <ClCompile Include="D:\Study\Python\Lib\opencv-4.5.0\modules\imgcodecs\src\grfmt_tiff.cpp">
      <Filter>Src\grfmts</Filter>
    </ClCompile>
    <ClCompile Include="D:\Study\Python\Lib\opencv-4.5.0\modules\imgcodecs\src\grfmt_webp.cpp">
      <Filter>Src\grfmts</Filter>
    </ClCompile>
    <ClCompile Include="D:\Study\Python\Lib\opencv-4.5.0\modules\imgcodecs\src\bitstrm.cpp">
      <Filter>Src\grfmts</Filter>
    </ClCompile>
    <ClCompile Include="D:\Study\Python\Lib\opencv-4.5.0\modules\imgcodecs\src\rgbe.cpp">
      <Filter>Src\grfmts</Filter>
    </ClCompile>
    <ClCompile Include="D:\Study\Python\Lib\opencv-4.5.0\modules\imgcodecs\src\exif.cpp">
      <Filter>Src\grfmts</Filter>
    </ClCompile>
    <ClCompile Include="D:\Study\Python\Lib\opencv-4.5.0\build\modules\imgcodecs\opencv_imgcodecs_main.cpp">
      <Filter>Source Files</Filter>
    </ClCompile>
  </ItemGroup>
  <ItemGroup>
    <ClInclude Include="D:\Study\Python\Lib\opencv-4.5.0\modules\imgcodecs\include\opencv2\imgcodecs.hpp">
      <Filter>Include</Filter>
    </ClInclude>
    <ClInclude Include="D:\Study\Python\Lib\opencv-4.5.0\modules\imgcodecs\include\opencv2\imgcodecs\imgcodecs.hpp">
      <Filter>Include</Filter>
    </ClInclude>
    <ClInclude Include="D:\Study\Python\Lib\opencv-4.5.0\modules\imgcodecs\include\opencv2\imgcodecs\imgcodecs_c.h">
      <Filter>Include</Filter>
    </ClInclude>
    <ClInclude Include="D:\Study\Python\Lib\opencv-4.5.0\modules\imgcodecs\include\opencv2\imgcodecs\ios.h">
      <Filter>Include</Filter>
    </ClInclude>
    <ClInclude Include="D:\Study\Python\Lib\opencv-4.5.0\modules\imgcodecs\include\opencv2\imgcodecs\legacy\constants_c.h">
      <Filter>Include</Filter>
    </ClInclude>
    <ClInclude Include="D:\Study\Python\Lib\opencv-4.5.0\modules\imgcodecs\src\precomp.hpp">
      <Filter>Src</Filter>
    </ClInclude>
    <ClInclude Include="D:\Study\Python\Lib\opencv-4.5.0\modules\imgcodecs\src\utils.hpp">
      <Filter>Src</Filter>
    </ClInclude>
    <ClInclude Include="D:\Study\Python\Lib\opencv-4.5.0\modules\imgcodecs\src\grfmt_base.hpp">
      <Filter>Src\grfmts</Filter>
    </ClInclude>
    <ClInclude Include="D:\Study\Python\Lib\opencv-4.5.0\modules\imgcodecs\src\grfmt_bmp.hpp">
      <Filter>Src\grfmts</Filter>
    </ClInclude>
    <ClInclude Include="D:\Study\Python\Lib\opencv-4.5.0\modules\imgcodecs\src\grfmt_exr.hpp">
      <Filter>Src\grfmts</Filter>
    </ClInclude>
    <ClInclude Include="D:\Study\Python\Lib\opencv-4.5.0\modules\imgcodecs\src\grfmt_gdal.hpp">
      <Filter>Src\grfmts</Filter>
    </ClInclude>
    <ClInclude Include="D:\Study\Python\Lib\opencv-4.5.0\modules\imgcodecs\src\grfmt_gdcm.hpp">
      <Filter>Src\grfmts</Filter>
    </ClInclude>
    <ClInclude Include="D:\Study\Python\Lib\opencv-4.5.0\modules\imgcodecs\src\grfmt_hdr.hpp">
      <Filter>Src\grfmts</Filter>
    </ClInclude>
    <ClInclude Include="D:\Study\Python\Lib\opencv-4.5.0\modules\imgcodecs\src\grfmt_jpeg.hpp">
      <Filter>Src\grfmts</Filter>
    </ClInclude>
    <ClInclude Include="D:\Study\Python\Lib\opencv-4.5.0\modules\imgcodecs\src\grfmt_jpeg2000.hpp">
      <Filter>Src\grfmts</Filter>
    </ClInclude>
    <ClInclude Include="D:\Study\Python\Lib\opencv-4.5.0\modules\imgcodecs\src\grfmt_jpeg2000_openjpeg.hpp">
      <Filter>Src\grfmts</Filter>
    </ClInclude>
    <ClInclude Include="D:\Study\Python\Lib\opencv-4.5.0\modules\imgcodecs\src\grfmt_pam.hpp">
      <Filter>Src\grfmts</Filter>
    </ClInclude>
    <ClInclude Include="D:\Study\Python\Lib\opencv-4.5.0\modules\imgcodecs\src\grfmt_pfm.hpp">
      <Filter>Src\grfmts</Filter>
    </ClInclude>
    <ClInclude Include="D:\Study\Python\Lib\opencv-4.5.0\modules\imgcodecs\src\grfmt_png.hpp">
      <Filter>Src\grfmts</Filter>
    </ClInclude>
    <ClInclude Include="D:\Study\Python\Lib\opencv-4.5.0\modules\imgcodecs\src\grfmt_pxm.hpp">
      <Filter>Src\grfmts</Filter>
    </ClInclude>
    <ClInclude Include="D:\Study\Python\Lib\opencv-4.5.0\modules\imgcodecs\src\grfmt_sunras.hpp">
      <Filter>Src\grfmts</Filter>
    </ClInclude>
    <ClInclude Include="D:\Study\Python\Lib\opencv-4.5.0\modules\imgcodecs\src\grfmt_tiff.hpp">
      <Filter>Src\grfmts</Filter>
    </ClInclude>
    <ClInclude Include="D:\Study\Python\Lib\opencv-4.5.0\modules\imgcodecs\src\grfmt_webp.hpp">
      <Filter>Src\grfmts</Filter>
    </ClInclude>
    <ClInclude Include="D:\Study\Python\Lib\opencv-4.5.0\modules\imgcodecs\src\grfmts.hpp">
      <Filter>Src\grfmts</Filter>
    </ClInclude>
    <ClInclude Include="D:\Study\Python\Lib\opencv-4.5.0\modules\imgcodecs\src\bitstrm.hpp">
      <Filter>Src\grfmts</Filter>
    </ClInclude>
    <ClInclude Include="D:\Study\Python\Lib\opencv-4.5.0\modules\imgcodecs\src\rgbe.hpp">
      <Filter>Src\grfmts</Filter>
    </ClInclude>
    <ClInclude Include="D:\Study\Python\Lib\opencv-4.5.0\modules\imgcodecs\src\exif.hpp">
      <Filter>Src\grfmts</Filter>
    </ClInclude>
    <ClInclude Include="D:\Study\Python\Lib\opencv-4.5.0\build\cvconfig.h">
      <Filter>Include</Filter>
    </ClInclude>
    <ClInclude Include="D:\Study\Python\Lib\opencv-4.5.0\build\opencv2\opencv_modules.hpp">
      <Filter>Include</Filter>
    </ClInclude>
  </ItemGroup>
  <ItemGroup>
    <ResourceCompile Include="D:\Study\Python\Lib\opencv-4.5.0\build\modules\imgcodecs\vs_version.rc">
      <Filter>Src</Filter>
    </ResourceCompile>
  </ItemGroup>
  <ItemGroup>
    <Filter Include="Include">
      <UniqueIdentifier>{7B934226-BF50-3DE1-B937-8EA8471035E2}</UniqueIdentifier>
    </Filter>
    <Filter Include="Source Files">
      <UniqueIdentifier>{724F6620-C0A2-3992-AF9D-62DBEF5A36C5}</UniqueIdentifier>
    </Filter>
    <Filter Include="Src">
      <UniqueIdentifier>{6BDAB249-4DEF-3DAD-A179-38B43786DF6F}</UniqueIdentifier>
    </Filter>
    <Filter Include="Src\grfmts">
      <UniqueIdentifier>{86BE37B2-9EFC-340F-B4CB-93B421AA75C5}</UniqueIdentifier>
    </Filter>
  </ItemGroup>
</Project>
