<?xml version="1.0" encoding="utf-8"?>
<Project ToolsVersion="17.0" xmlns="http://schemas.microsoft.com/developer/msbuild/2003">
  <ItemGroup>
    <ClCompile Include="D:\Study\Python\Lib\opencv_contrib-4.5.0\modules\face\src\bif.cpp">
      <Filter>Src</Filter>
    </ClCompile>
    <ClCompile Include="D:\Study\Python\Lib\opencv_contrib-4.5.0\modules\face\src\eigen_faces.cpp">
      <Filter>Src</Filter>
    </ClCompile>
    <ClCompile Include="D:\Study\Python\Lib\opencv_contrib-4.5.0\modules\face\src\face_alignment.cpp">
      <Filter>Src</Filter>
    </ClCompile>
    <ClCompile Include="D:\Study\Python\Lib\opencv_contrib-4.5.0\modules\face\src\face_basic.cpp">
      <Filter>Src</Filter>
    </ClCompile>
    <ClCompile Include="D:\Study\Python\Lib\opencv_contrib-4.5.0\modules\face\src\facemark.cpp">
      <Filter>Src</Filter>
    </ClCompile>
    <ClCompile Include="D:\Study\Python\Lib\opencv_contrib-4.5.0\modules\face\src\facemarkAAM.cpp">
      <Filter>Src</Filter>
    </ClCompile>
    <ClCompile Include="D:\Study\Python\Lib\opencv_contrib-4.5.0\modules\face\src\facemarkLBF.cpp">
      <Filter>Src</Filter>
    </ClCompile>
    <ClCompile Include="D:\Study\Python\Lib\opencv_contrib-4.5.0\modules\face\src\facerec.cpp">
      <Filter>Src</Filter>
    </ClCompile>
    <ClCompile Include="D:\Study\Python\Lib\opencv_contrib-4.5.0\modules\face\src\fisher_faces.cpp">
      <Filter>Src</Filter>
    </ClCompile>
    <ClCompile Include="D:\Study\Python\Lib\opencv_contrib-4.5.0\modules\face\src\getlandmarks.cpp">
      <Filter>Src</Filter>
    </ClCompile>
    <ClCompile Include="D:\Study\Python\Lib\opencv_contrib-4.5.0\modules\face\src\lbph_faces.cpp">
      <Filter>Src</Filter>
    </ClCompile>
    <ClCompile Include="D:\Study\Python\Lib\opencv_contrib-4.5.0\modules\face\src\mace.cpp">
      <Filter>Src</Filter>
    </ClCompile>
    <ClCompile Include="D:\Study\Python\Lib\opencv_contrib-4.5.0\modules\face\src\predict_collector.cpp">
      <Filter>Src</Filter>
    </ClCompile>
    <ClCompile Include="D:\Study\Python\Lib\opencv_contrib-4.5.0\modules\face\src\regtree.cpp">
      <Filter>Src</Filter>
    </ClCompile>
    <ClCompile Include="D:\Study\Python\Lib\opencv_contrib-4.5.0\modules\face\src\trainFacemark.cpp">
      <Filter>Src</Filter>
    </ClCompile>
    <ClCompile Include="D:\Study\Python\Lib\opencv-4.5.0\build\modules\face\opencv_face_main.cpp">
      <Filter>Source Files</Filter>
    </ClCompile>
  </ItemGroup>
  <ItemGroup>
    <ClInclude Include="D:\Study\Python\Lib\opencv_contrib-4.5.0\modules\face\include\opencv2\face.hpp">
      <Filter>Include\opencv2</Filter>
    </ClInclude>
    <ClInclude Include="D:\Study\Python\Lib\opencv_contrib-4.5.0\modules\face\include\opencv2\face\bif.hpp">
      <Filter>Include\opencv2\face</Filter>
    </ClInclude>
    <ClInclude Include="D:\Study\Python\Lib\opencv_contrib-4.5.0\modules\face\include\opencv2\face\face_alignment.hpp">
      <Filter>Include\opencv2\face</Filter>
    </ClInclude>
    <ClInclude Include="D:\Study\Python\Lib\opencv_contrib-4.5.0\modules\face\include\opencv2\face\facemark.hpp">
      <Filter>Include\opencv2\face</Filter>
    </ClInclude>
    <ClInclude Include="D:\Study\Python\Lib\opencv_contrib-4.5.0\modules\face\include\opencv2\face\facemarkAAM.hpp">
      <Filter>Include\opencv2\face</Filter>
    </ClInclude>
    <ClInclude Include="D:\Study\Python\Lib\opencv_contrib-4.5.0\modules\face\include\opencv2\face\facemarkLBF.hpp">
      <Filter>Include\opencv2\face</Filter>
    </ClInclude>
    <ClInclude Include="D:\Study\Python\Lib\opencv_contrib-4.5.0\modules\face\include\opencv2\face\facemark_train.hpp">
      <Filter>Include\opencv2\face</Filter>
    </ClInclude>
    <ClInclude Include="D:\Study\Python\Lib\opencv_contrib-4.5.0\modules\face\include\opencv2\face\facerec.hpp">
      <Filter>Include\opencv2\face</Filter>
    </ClInclude>
    <ClInclude Include="D:\Study\Python\Lib\opencv_contrib-4.5.0\modules\face\include\opencv2\face\mace.hpp">
      <Filter>Include\opencv2\face</Filter>
    </ClInclude>
    <ClInclude Include="D:\Study\Python\Lib\opencv_contrib-4.5.0\modules\face\include\opencv2\face\predict_collector.hpp">
      <Filter>Include\opencv2\face</Filter>
    </ClInclude>
    <ClInclude Include="D:\Study\Python\Lib\opencv_contrib-4.5.0\modules\face\src\face_alignmentimpl.hpp">
      <Filter>Src</Filter>
    </ClInclude>
    <ClInclude Include="D:\Study\Python\Lib\opencv_contrib-4.5.0\modules\face\src\face_utils.hpp">
      <Filter>Src</Filter>
    </ClInclude>
    <ClInclude Include="D:\Study\Python\Lib\opencv_contrib-4.5.0\modules\face\src\precomp.hpp">
      <Filter>Src</Filter>
    </ClInclude>
    <ClInclude Include="D:\Study\Python\Lib\opencv-4.5.0\build\cvconfig.h">
      <Filter>Include</Filter>
    </ClInclude>
    <ClInclude Include="D:\Study\Python\Lib\opencv-4.5.0\build\opencv2\opencv_modules.hpp">
      <Filter>Include</Filter>
    </ClInclude>
  </ItemGroup>
  <ItemGroup>
    <ResourceCompile Include="D:\Study\Python\Lib\opencv-4.5.0\build\modules\face\vs_version.rc">
      <Filter>Src</Filter>
    </ResourceCompile>
  </ItemGroup>
  <ItemGroup>
    <Filter Include="Include">
      <UniqueIdentifier>{7B934226-BF50-3DE1-B937-8EA8471035E2}</UniqueIdentifier>
    </Filter>
    <Filter Include="Include\opencv2">
      <UniqueIdentifier>{6F4F6A9B-E0CD-3FE5-B12D-891088625776}</UniqueIdentifier>
    </Filter>
    <Filter Include="Include\opencv2\face">
      <UniqueIdentifier>{0A03EA8E-8BB7-370D-BDF8-553315669C95}</UniqueIdentifier>
    </Filter>
    <Filter Include="Source Files">
      <UniqueIdentifier>{724F6620-C0A2-3992-AF9D-62DBEF5A36C5}</UniqueIdentifier>
    </Filter>
    <Filter Include="Src">
      <UniqueIdentifier>{6BDAB249-4DEF-3DAD-A179-38B43786DF6F}</UniqueIdentifier>
    </Filter>
  </ItemGroup>
</Project>
