<?xml version="1.0" encoding="utf-8"?>
<Project ToolsVersion="17.0" xmlns="http://schemas.microsoft.com/developer/msbuild/2003">
  <ItemGroup>
    <ClCompile Include="D:\Study\Python\Lib\opencv_contrib-4.5.0\modules\rgbd\src\depth_cleaner.cpp">
      <Filter>Src</Filter>
    </ClCompile>
    <ClCompile Include="D:\Study\Python\Lib\opencv_contrib-4.5.0\modules\rgbd\src\depth_registration.cpp">
      <Filter>Src</Filter>
    </ClCompile>
    <ClCompile Include="D:\Study\Python\Lib\opencv_contrib-4.5.0\modules\rgbd\src\depth_to_3d.cpp">
      <Filter>Src</Filter>
    </ClCompile>
    <ClCompile Include="D:\Study\Python\Lib\opencv_contrib-4.5.0\modules\rgbd\src\dqb.cpp">
      <Filter>Src</Filter>
    </ClCompile>
    <ClCompile Include="D:\Study\Python\Lib\opencv_contrib-4.5.0\modules\rgbd\src\dynafu.cpp">
      <Filter>Src</Filter>
    </ClCompile>
    <ClCompile Include="D:\Study\Python\Lib\opencv_contrib-4.5.0\modules\rgbd\src\dynafu_tsdf.cpp">
      <Filter>Src</Filter>
    </ClCompile>
    <ClCompile Include="D:\Study\Python\Lib\opencv_contrib-4.5.0\modules\rgbd\src\fast_icp.cpp">
      <Filter>Src</Filter>
    </ClCompile>
    <ClCompile Include="D:\Study\Python\Lib\opencv_contrib-4.5.0\modules\rgbd\src\hash_tsdf.cpp">
      <Filter>Src</Filter>
    </ClCompile>
    <ClCompile Include="D:\Study\Python\Lib\opencv_contrib-4.5.0\modules\rgbd\src\kinfu.cpp">
      <Filter>Src</Filter>
    </ClCompile>
    <ClCompile Include="D:\Study\Python\Lib\opencv_contrib-4.5.0\modules\rgbd\src\kinfu_frame.cpp">
      <Filter>Src</Filter>
    </ClCompile>
    <ClCompile Include="D:\Study\Python\Lib\opencv_contrib-4.5.0\modules\rgbd\src\linemod.cpp">
      <Filter>Src</Filter>
    </ClCompile>
    <ClCompile Include="D:\Study\Python\Lib\opencv_contrib-4.5.0\modules\rgbd\src\nonrigid_icp.cpp">
      <Filter>Src</Filter>
    </ClCompile>
    <ClCompile Include="D:\Study\Python\Lib\opencv_contrib-4.5.0\modules\rgbd\src\normal.cpp">
      <Filter>Src</Filter>
    </ClCompile>
    <ClCompile Include="D:\Study\Python\Lib\opencv_contrib-4.5.0\modules\rgbd\src\odometry.cpp">
      <Filter>Src</Filter>
    </ClCompile>
    <ClCompile Include="D:\Study\Python\Lib\opencv_contrib-4.5.0\modules\rgbd\src\plane.cpp">
      <Filter>Src</Filter>
    </ClCompile>
    <ClCompile Include="D:\Study\Python\Lib\opencv_contrib-4.5.0\modules\rgbd\src\tsdf.cpp">
      <Filter>Src</Filter>
    </ClCompile>
    <ClCompile Include="D:\Study\Python\Lib\opencv_contrib-4.5.0\modules\rgbd\src\utils.cpp">
      <Filter>Src</Filter>
    </ClCompile>
    <ClCompile Include="D:\Study\Python\Lib\opencv_contrib-4.5.0\modules\rgbd\src\volume.cpp">
      <Filter>Src</Filter>
    </ClCompile>
    <ClCompile Include="D:\Study\Python\Lib\opencv_contrib-4.5.0\modules\rgbd\src\warpfield.cpp">
      <Filter>Src</Filter>
    </ClCompile>
    <ClCompile Include="D:\Study\Python\Lib\opencv-4.5.0\build\modules\rgbd\opencl_kernels_rgbd.cpp">
      <Filter>Src\opencl\kernels\autogenerated</Filter>
    </ClCompile>
    <ClCompile Include="D:\Study\Python\Lib\opencv-4.5.0\build\modules\rgbd\opencv_rgbd_main.cpp">
      <Filter>Source Files</Filter>
    </ClCompile>
  </ItemGroup>
  <ItemGroup>
    <ClInclude Include="D:\Study\Python\Lib\opencv_contrib-4.5.0\modules\rgbd\include\opencv2\rgbd.hpp">
      <Filter>Include\opencv2</Filter>
    </ClInclude>
    <ClInclude Include="D:\Study\Python\Lib\opencv_contrib-4.5.0\modules\rgbd\include\opencv2\rgbd\depth.hpp">
      <Filter>Include\opencv2\rgbd</Filter>
    </ClInclude>
    <ClInclude Include="D:\Study\Python\Lib\opencv_contrib-4.5.0\modules\rgbd\include\opencv2\rgbd\dynafu.hpp">
      <Filter>Include\opencv2\rgbd</Filter>
    </ClInclude>
    <ClInclude Include="D:\Study\Python\Lib\opencv_contrib-4.5.0\modules\rgbd\include\opencv2\rgbd\intrinsics.hpp">
      <Filter>Include\opencv2\rgbd</Filter>
    </ClInclude>
    <ClInclude Include="D:\Study\Python\Lib\opencv_contrib-4.5.0\modules\rgbd\include\opencv2\rgbd\kinfu.hpp">
      <Filter>Include\opencv2\rgbd</Filter>
    </ClInclude>
    <ClInclude Include="D:\Study\Python\Lib\opencv_contrib-4.5.0\modules\rgbd\include\opencv2\rgbd\linemod.hpp">
      <Filter>Include\opencv2\rgbd</Filter>
    </ClInclude>
    <ClInclude Include="D:\Study\Python\Lib\opencv_contrib-4.5.0\modules\rgbd\include\opencv2\rgbd\volume.hpp">
      <Filter>Include\opencv2\rgbd</Filter>
    </ClInclude>
    <ClInclude Include="D:\Study\Python\Lib\opencv-4.5.0\build\modules\rgbd\opencl_kernels_rgbd.hpp">
      <Filter>Src\opencl\kernels\autogenerated</Filter>
    </ClInclude>
    <ClInclude Include="D:\Study\Python\Lib\opencv_contrib-4.5.0\modules\rgbd\src\depth_to_3d.hpp">
      <Filter>Src</Filter>
    </ClInclude>
    <ClInclude Include="D:\Study\Python\Lib\opencv_contrib-4.5.0\modules\rgbd\src\dqb.hpp">
      <Filter>Src</Filter>
    </ClInclude>
    <ClInclude Include="D:\Study\Python\Lib\opencv_contrib-4.5.0\modules\rgbd\src\dynafu_tsdf.hpp">
      <Filter>Src</Filter>
    </ClInclude>
    <ClInclude Include="D:\Study\Python\Lib\opencv_contrib-4.5.0\modules\rgbd\src\fast_icp.hpp">
      <Filter>Src</Filter>
    </ClInclude>
    <ClInclude Include="D:\Study\Python\Lib\opencv_contrib-4.5.0\modules\rgbd\src\hash_tsdf.hpp">
      <Filter>Src</Filter>
    </ClInclude>
    <ClInclude Include="D:\Study\Python\Lib\opencv_contrib-4.5.0\modules\rgbd\src\kinfu_frame.hpp">
      <Filter>Src</Filter>
    </ClInclude>
    <ClInclude Include="D:\Study\Python\Lib\opencv_contrib-4.5.0\modules\rgbd\src\marchingcubes.hpp">
      <Filter>Src</Filter>
    </ClInclude>
    <ClInclude Include="D:\Study\Python\Lib\opencv_contrib-4.5.0\modules\rgbd\src\nonrigid_icp.hpp">
      <Filter>Src</Filter>
    </ClInclude>
    <ClInclude Include="D:\Study\Python\Lib\opencv_contrib-4.5.0\modules\rgbd\src\precomp.hpp">
      <Filter>Src</Filter>
    </ClInclude>
    <ClInclude Include="D:\Study\Python\Lib\opencv_contrib-4.5.0\modules\rgbd\src\tsdf.hpp">
      <Filter>Src</Filter>
    </ClInclude>
    <ClInclude Include="D:\Study\Python\Lib\opencv_contrib-4.5.0\modules\rgbd\src\utils.hpp">
      <Filter>Src</Filter>
    </ClInclude>
    <ClInclude Include="D:\Study\Python\Lib\opencv_contrib-4.5.0\modules\rgbd\src\warpfield.hpp">
      <Filter>Src</Filter>
    </ClInclude>
    <ClInclude Include="D:\Study\Python\Lib\opencv-4.5.0\build\cvconfig.h">
      <Filter>Include</Filter>
    </ClInclude>
    <ClInclude Include="D:\Study\Python\Lib\opencv-4.5.0\build\opencv2\opencv_modules.hpp">
      <Filter>Include</Filter>
    </ClInclude>
  </ItemGroup>
  <ItemGroup>
    <CustomBuild Include="D:\Study\Python\Lib\opencv-4.5.0\build\CMakeFiles\9db9a37961916e006763e41c6bbc1454\opencl_kernels_rgbd.cpp.rule">
      <Filter>CMake Rules</Filter>
    </CustomBuild>
  </ItemGroup>
  <ItemGroup>
    <None Include="D:\Study\Python\Lib\opencv_contrib-4.5.0\modules\rgbd\src\opencl\icp.cl">
      <Filter>Src\opencl\kernels</Filter>
    </None>
    <None Include="D:\Study\Python\Lib\opencv_contrib-4.5.0\modules\rgbd\src\opencl\kinfu_frame.cl">
      <Filter>Src\opencl\kernels</Filter>
    </None>
    <None Include="D:\Study\Python\Lib\opencv_contrib-4.5.0\modules\rgbd\src\opencl\tsdf.cl">
      <Filter>Src\opencl\kernels</Filter>
    </None>
  </ItemGroup>
  <ItemGroup>
    <ResourceCompile Include="D:\Study\Python\Lib\opencv-4.5.0\build\modules\rgbd\vs_version.rc">
      <Filter>Src</Filter>
    </ResourceCompile>
  </ItemGroup>
  <ItemGroup>
    <Filter Include="CMake Rules">
      <UniqueIdentifier>{16373809-72C4-3C94-9E1E-610450923A37}</UniqueIdentifier>
    </Filter>
    <Filter Include="Include">
      <UniqueIdentifier>{7B934226-BF50-3DE1-B937-8EA8471035E2}</UniqueIdentifier>
    </Filter>
    <Filter Include="Include\opencv2">
      <UniqueIdentifier>{6F4F6A9B-E0CD-3FE5-B12D-891088625776}</UniqueIdentifier>
    </Filter>
    <Filter Include="Include\opencv2\rgbd">
      <UniqueIdentifier>{5B597A7E-3689-3A72-BD44-157ACC4ABFE6}</UniqueIdentifier>
    </Filter>
    <Filter Include="Source Files">
      <UniqueIdentifier>{724F6620-C0A2-3992-AF9D-62DBEF5A36C5}</UniqueIdentifier>
    </Filter>
    <Filter Include="Src">
      <UniqueIdentifier>{6BDAB249-4DEF-3DAD-A179-38B43786DF6F}</UniqueIdentifier>
    </Filter>
    <Filter Include="Src\opencl">
      <UniqueIdentifier>{EDD8F861-BFC7-3D19-BFFB-15710C273F99}</UniqueIdentifier>
    </Filter>
    <Filter Include="Src\opencl\kernels">
      <UniqueIdentifier>{512BCC15-AD11-3EAE-B11E-ECC5C4FCCACA}</UniqueIdentifier>
    </Filter>
    <Filter Include="Src\opencl\kernels\autogenerated">
      <UniqueIdentifier>{8CE9D8A4-D183-35F8-9095-03E22E229446}</UniqueIdentifier>
    </Filter>
  </ItemGroup>
</Project>
