
Microsoft Visual Studio Solution File, Format Version 12.00
# Visual Studio Version 17
Project("{2150E333-8FDC-42A3-9474-1A3956D46DE8}") = "3rdparty", "3rdparty", "{ABDF7582-C49A-3158-B931-DD7C10C4F431}"
EndProject
Project("{2150E333-8FDC-42A3-9474-1A3956D46DE8}") = "CMakeTargets", "CMakeTargets", "{EB15E31D-3696-3421-A93D-3F0889EC0F89}"
EndProject
Project("{2150E333-8FDC-42A3-9474-1A3956D46DE8}") = "dispatched", "dispatched", "{E6E1F2FD-7587-3489-98E2-AF72E5F2F861}"
EndProject
Project("{2150E333-8FDC-42A3-9474-1A3956D46DE8}") = "modules", "modules", "{33B04BE0-2E79-379F-BCB3-979D1DF611AD}"
EndProject
Project("{8BC9CEB8-8B4A-11D0-8D11-00A0C91BC942}") = "ALL_BUILD", "ALL_BUILD.vcxproj", "{F1D10C38-1C47-3787-986F-ECEB8EE466AA}"
	ProjectSection(ProjectDependencies) = postProject
		{C4635E32-D531-3227-B096-F5CF1CDEFB19} = {C4635E32-D531-3227-B096-F5CF1CDEFB19}
	EndProjectSection
EndProject
Project("{8BC9CEB8-8B4A-11D0-8D11-00A0C91BC942}") = "INSTALL", "INSTALL.vcxproj", "{E7F745B7-91DA-3F0B-B460-E38C9A2C0D00}"
	ProjectSection(ProjectDependencies) = postProject
		{F1D10C38-1C47-3787-986F-ECEB8EE466AA} = {F1D10C38-1C47-3787-986F-ECEB8EE466AA}
	EndProjectSection
EndProject
Project("{8BC9CEB8-8B4A-11D0-8D11-00A0C91BC942}") = "PACKAGE", "PACKAGE.vcxproj", "{68B232E1-3651-35B0-82A5-422B74F1A60F}"
	ProjectSection(ProjectDependencies) = postProject
		{F1D10C38-1C47-3787-986F-ECEB8EE466AA} = {F1D10C38-1C47-3787-986F-ECEB8EE466AA}
	EndProjectSection
EndProject
Project("{8BC9CEB8-8B4A-11D0-8D11-00A0C91BC942}") = "RUN_TESTS", "RUN_TESTS.vcxproj", "{65757C78-946E-3863-A83E-AAC8BC5C1709}"
	ProjectSection(ProjectDependencies) = postProject
	EndProjectSection
EndProject
Project("{8BC9CEB8-8B4A-11D0-8D11-00A0C91BC942}") = "ippiw", "..\..\3rdparty\ippiw\ippiw.vcxproj", "{24CA3400-49FA-35EF-B285-D99AE5E402BC}"
	ProjectSection(ProjectDependencies) = postProject
	EndProjectSection
EndProject
Project("{8BC9CEB8-8B4A-11D0-8D11-00A0C91BC942}") = "ittnotify", "..\..\3rdparty\ittnotify\ittnotify.vcxproj", "{7FF27C01-E90A-3793-AF55-3D84B4F99E2E}"
	ProjectSection(ProjectDependencies) = postProject
	EndProjectSection
EndProject
Project("{8BC9CEB8-8B4A-11D0-8D11-00A0C91BC942}") = "opencv_calib3d", "..\calib3d\opencv_calib3d.vcxproj", "{D74A9B89-5CF4-30CF-8C79-A7459B85F5EA}"
	ProjectSection(ProjectDependencies) = postProject
		{24CA3400-49FA-35EF-B285-D99AE5E402BC} = {24CA3400-49FA-35EF-B285-D99AE5E402BC}
		{649A9233-00CB-3CEC-87EF-647025D07492} = {649A9233-00CB-3CEC-87EF-647025D07492}
		{C6B6D7EF-6768-38D1-94CF-BF70AD3931A6} = {C6B6D7EF-6768-38D1-94CF-BF70AD3931A6}
		{C5A1E9EB-8ACD-3F16-902C-3D08DAFBE0C0} = {C5A1E9EB-8ACD-3F16-902C-3D08DAFBE0C0}
		{731C582F-9872-31D8-B7BE-38159AC32B97} = {731C582F-9872-31D8-B7BE-38159AC32B97}
		{6B8DCD59-3B99-3147-B175-A27DF2949A44} = {6B8DCD59-3B99-3147-B175-A27DF2949A44}
		{34176B70-BA95-353E-891E-E4B5C787C619} = {34176B70-BA95-353E-891E-E4B5C787C619}
	EndProjectSection
EndProject
Project("{8BC9CEB8-8B4A-11D0-8D11-00A0C91BC942}") = "opencv_calib3d_AVX2", "..\calib3d\opencv_calib3d_AVX2.vcxproj", "{649A9233-00CB-3CEC-87EF-647025D07492}"
	ProjectSection(ProjectDependencies) = postProject
	EndProjectSection
EndProject
Project("{8BC9CEB8-8B4A-11D0-8D11-00A0C91BC942}") = "opencv_core", "..\core\opencv_core.vcxproj", "{C6B6D7EF-6768-38D1-94CF-BF70AD3931A6}"
	ProjectSection(ProjectDependencies) = postProject
		{24CA3400-49FA-35EF-B285-D99AE5E402BC} = {24CA3400-49FA-35EF-B285-D99AE5E402BC}
		{7FF27C01-E90A-3793-AF55-3D84B4F99E2E} = {7FF27C01-E90A-3793-AF55-3D84B4F99E2E}
		{38C392F6-38AE-3F79-887E-C26B32A915AC} = {38C392F6-38AE-3F79-887E-C26B32A915AC}
		{8C0201B8-E4DF-30A7-B7F0-8681FD7D7C9D} = {8C0201B8-E4DF-30A7-B7F0-8681FD7D7C9D}
		{90516A3D-A023-3AA6-94EE-E142B70CB810} = {90516A3D-A023-3AA6-94EE-E142B70CB810}
		{BA793853-72C4-3147-B845-938B99BFA68F} = {BA793853-72C4-3147-B845-938B99BFA68F}
		{475B3F5C-1B75-3A30-8718-BDA814C45580} = {475B3F5C-1B75-3A30-8718-BDA814C45580}
		{C5A1E9EB-8ACD-3F16-902C-3D08DAFBE0C0} = {C5A1E9EB-8ACD-3F16-902C-3D08DAFBE0C0}
		{1D07BECF-DAAE-3513-9410-AC313F4AE47C} = {1D07BECF-DAAE-3513-9410-AC313F4AE47C}
	EndProjectSection
EndProject
Project("{8BC9CEB8-8B4A-11D0-8D11-00A0C91BC942}") = "opencv_core_AVX", "..\core\opencv_core_AVX.vcxproj", "{38C392F6-38AE-3F79-887E-C26B32A915AC}"
	ProjectSection(ProjectDependencies) = postProject
	EndProjectSection
EndProject
Project("{8BC9CEB8-8B4A-11D0-8D11-00A0C91BC942}") = "opencv_core_AVX2", "..\core\opencv_core_AVX2.vcxproj", "{8C0201B8-E4DF-30A7-B7F0-8681FD7D7C9D}"
	ProjectSection(ProjectDependencies) = postProject
	EndProjectSection
EndProject
Project("{8BC9CEB8-8B4A-11D0-8D11-00A0C91BC942}") = "opencv_core_AVX512_SKX", "..\core\opencv_core_AVX512_SKX.vcxproj", "{90516A3D-A023-3AA6-94EE-E142B70CB810}"
	ProjectSection(ProjectDependencies) = postProject
	EndProjectSection
EndProject
Project("{8BC9CEB8-8B4A-11D0-8D11-00A0C91BC942}") = "opencv_core_SSE4_1", "..\core\opencv_core_SSE4_1.vcxproj", "{BA793853-72C4-3147-B845-938B99BFA68F}"
	ProjectSection(ProjectDependencies) = postProject
	EndProjectSection
EndProject
Project("{8BC9CEB8-8B4A-11D0-8D11-00A0C91BC942}") = "opencv_core_SSE4_2", "..\core\opencv_core_SSE4_2.vcxproj", "{475B3F5C-1B75-3A30-8718-BDA814C45580}"
	ProjectSection(ProjectDependencies) = postProject
	EndProjectSection
EndProject
Project("{8BC9CEB8-8B4A-11D0-8D11-00A0C91BC942}") = "opencv_cudev", "..\cudev\opencv_cudev.vcxproj", "{C5A1E9EB-8ACD-3F16-902C-3D08DAFBE0C0}"
	ProjectSection(ProjectDependencies) = postProject
		{24CA3400-49FA-35EF-B285-D99AE5E402BC} = {24CA3400-49FA-35EF-B285-D99AE5E402BC}
	EndProjectSection
EndProject
Project("{8BC9CEB8-8B4A-11D0-8D11-00A0C91BC942}") = "opencv_features2d", "..\features2d\opencv_features2d.vcxproj", "{731C582F-9872-31D8-B7BE-38159AC32B97}"
	ProjectSection(ProjectDependencies) = postProject
		{24CA3400-49FA-35EF-B285-D99AE5E402BC} = {24CA3400-49FA-35EF-B285-D99AE5E402BC}
		{C6B6D7EF-6768-38D1-94CF-BF70AD3931A6} = {C6B6D7EF-6768-38D1-94CF-BF70AD3931A6}
		{C5A1E9EB-8ACD-3F16-902C-3D08DAFBE0C0} = {C5A1E9EB-8ACD-3F16-902C-3D08DAFBE0C0}
		{37C7819A-C89F-37C2-BD72-C6380361011C} = {37C7819A-C89F-37C2-BD72-C6380361011C}
		{A9C89128-C5FE-3592-8011-136AFD2591A5} = {A9C89128-C5FE-3592-8011-136AFD2591A5}
		{159A43EC-79E7-373C-8C1F-062D9D171F4D} = {159A43EC-79E7-373C-8C1F-062D9D171F4D}
		{6B8DCD59-3B99-3147-B175-A27DF2949A44} = {6B8DCD59-3B99-3147-B175-A27DF2949A44}
		{34176B70-BA95-353E-891E-E4B5C787C619} = {34176B70-BA95-353E-891E-E4B5C787C619}
	EndProjectSection
EndProject
Project("{8BC9CEB8-8B4A-11D0-8D11-00A0C91BC942}") = "opencv_features2d_AVX2", "..\features2d\opencv_features2d_AVX2.vcxproj", "{37C7819A-C89F-37C2-BD72-C6380361011C}"
	ProjectSection(ProjectDependencies) = postProject
	EndProjectSection
EndProject
Project("{8BC9CEB8-8B4A-11D0-8D11-00A0C91BC942}") = "opencv_features2d_AVX512_SKX", "..\features2d\opencv_features2d_AVX512_SKX.vcxproj", "{A9C89128-C5FE-3592-8011-136AFD2591A5}"
	ProjectSection(ProjectDependencies) = postProject
	EndProjectSection
EndProject
Project("{8BC9CEB8-8B4A-11D0-8D11-00A0C91BC942}") = "opencv_features2d_SSE4_1", "..\features2d\opencv_features2d_SSE4_1.vcxproj", "{159A43EC-79E7-373C-8C1F-062D9D171F4D}"
	ProjectSection(ProjectDependencies) = postProject
	EndProjectSection
EndProject
Project("{8BC9CEB8-8B4A-11D0-8D11-00A0C91BC942}") = "opencv_flann", "..\flann\opencv_flann.vcxproj", "{6B8DCD59-3B99-3147-B175-A27DF2949A44}"
	ProjectSection(ProjectDependencies) = postProject
		{24CA3400-49FA-35EF-B285-D99AE5E402BC} = {24CA3400-49FA-35EF-B285-D99AE5E402BC}
		{C6B6D7EF-6768-38D1-94CF-BF70AD3931A6} = {C6B6D7EF-6768-38D1-94CF-BF70AD3931A6}
		{C5A1E9EB-8ACD-3F16-902C-3D08DAFBE0C0} = {C5A1E9EB-8ACD-3F16-902C-3D08DAFBE0C0}
	EndProjectSection
EndProject
Project("{8BC9CEB8-8B4A-11D0-8D11-00A0C91BC942}") = "opencv_imgproc", "..\imgproc\opencv_imgproc.vcxproj", "{34176B70-BA95-353E-891E-E4B5C787C619}"
	ProjectSection(ProjectDependencies) = postProject
		{24CA3400-49FA-35EF-B285-D99AE5E402BC} = {24CA3400-49FA-35EF-B285-D99AE5E402BC}
		{C6B6D7EF-6768-38D1-94CF-BF70AD3931A6} = {C6B6D7EF-6768-38D1-94CF-BF70AD3931A6}
		{C5A1E9EB-8ACD-3F16-902C-3D08DAFBE0C0} = {C5A1E9EB-8ACD-3F16-902C-3D08DAFBE0C0}
		{C4467F71-00DB-3E28-9B40-FEDD5E1C22A2} = {C4467F71-00DB-3E28-9B40-FEDD5E1C22A2}
		{BE690F4E-E166-3F52-9946-57628F53E834} = {BE690F4E-E166-3F52-9946-57628F53E834}
		{797C4E96-71BD-3B5B-BE42-E5F7935527F0} = {797C4E96-71BD-3B5B-BE42-E5F7935527F0}
		{58B5D12E-5F0B-3C80-BC41-2DE456ED9EB8} = {58B5D12E-5F0B-3C80-BC41-2DE456ED9EB8}
	EndProjectSection
EndProject
Project("{8BC9CEB8-8B4A-11D0-8D11-00A0C91BC942}") = "opencv_imgproc_AVX", "..\imgproc\opencv_imgproc_AVX.vcxproj", "{C4467F71-00DB-3E28-9B40-FEDD5E1C22A2}"
	ProjectSection(ProjectDependencies) = postProject
	EndProjectSection
EndProject
Project("{8BC9CEB8-8B4A-11D0-8D11-00A0C91BC942}") = "opencv_imgproc_AVX2", "..\imgproc\opencv_imgproc_AVX2.vcxproj", "{BE690F4E-E166-3F52-9946-57628F53E834}"
	ProjectSection(ProjectDependencies) = postProject
	EndProjectSection
EndProject
Project("{8BC9CEB8-8B4A-11D0-8D11-00A0C91BC942}") = "opencv_imgproc_AVX512_SKX", "..\imgproc\opencv_imgproc_AVX512_SKX.vcxproj", "{797C4E96-71BD-3B5B-BE42-E5F7935527F0}"
	ProjectSection(ProjectDependencies) = postProject
	EndProjectSection
EndProject
Project("{8BC9CEB8-8B4A-11D0-8D11-00A0C91BC942}") = "opencv_imgproc_SSE4_1", "..\imgproc\opencv_imgproc_SSE4_1.vcxproj", "{58B5D12E-5F0B-3C80-BC41-2DE456ED9EB8}"
	ProjectSection(ProjectDependencies) = postProject
	EndProjectSection
EndProject
Project("{8BC9CEB8-8B4A-11D0-8D11-00A0C91BC942}") = "opencv_objdetect", "opencv_objdetect.vcxproj", "{C4635E32-D531-3227-B096-F5CF1CDEFB19}"
	ProjectSection(ProjectDependencies) = postProject
		{24CA3400-49FA-35EF-B285-D99AE5E402BC} = {24CA3400-49FA-35EF-B285-D99AE5E402BC}
		{D74A9B89-5CF4-30CF-8C79-A7459B85F5EA} = {D74A9B89-5CF4-30CF-8C79-A7459B85F5EA}
		{C6B6D7EF-6768-38D1-94CF-BF70AD3931A6} = {C6B6D7EF-6768-38D1-94CF-BF70AD3931A6}
		{C5A1E9EB-8ACD-3F16-902C-3D08DAFBE0C0} = {C5A1E9EB-8ACD-3F16-902C-3D08DAFBE0C0}
		{731C582F-9872-31D8-B7BE-38159AC32B97} = {731C582F-9872-31D8-B7BE-38159AC32B97}
		{6B8DCD59-3B99-3147-B175-A27DF2949A44} = {6B8DCD59-3B99-3147-B175-A27DF2949A44}
		{34176B70-BA95-353E-891E-E4B5C787C619} = {34176B70-BA95-353E-891E-E4B5C787C619}
		{8A71F33E-C678-3C4A-8307-5712C3B2C2BC} = {8A71F33E-C678-3C4A-8307-5712C3B2C2BC}
	EndProjectSection
EndProject
Project("{8BC9CEB8-8B4A-11D0-8D11-00A0C91BC942}") = "quirc", "..\..\3rdparty\quirc\quirc.vcxproj", "{8A71F33E-C678-3C4A-8307-5712C3B2C2BC}"
	ProjectSection(ProjectDependencies) = postProject
	EndProjectSection
EndProject
Project("{8BC9CEB8-8B4A-11D0-8D11-00A0C91BC942}") = "zlib", "..\..\3rdparty\zlib\zlib.vcxproj", "{1D07BECF-DAAE-3513-9410-AC313F4AE47C}"
	ProjectSection(ProjectDependencies) = postProject
	EndProjectSection
EndProject
Global
	GlobalSection(SolutionConfigurationPlatforms) = preSolution
		Debug|x64 = Debug|x64
		Release|x64 = Release|x64
	EndGlobalSection
	GlobalSection(ProjectConfigurationPlatforms) = postSolution
		{F1D10C38-1C47-3787-986F-ECEB8EE466AA}.Debug|x64.ActiveCfg = Debug|x64
		{F1D10C38-1C47-3787-986F-ECEB8EE466AA}.Debug|x64.Build.0 = Debug|x64
		{F1D10C38-1C47-3787-986F-ECEB8EE466AA}.Release|x64.ActiveCfg = Release|x64
		{F1D10C38-1C47-3787-986F-ECEB8EE466AA}.Release|x64.Build.0 = Release|x64
		{E7F745B7-91DA-3F0B-B460-E38C9A2C0D00}.Debug|x64.ActiveCfg = Debug|x64
		{E7F745B7-91DA-3F0B-B460-E38C9A2C0D00}.Release|x64.ActiveCfg = Release|x64
		{68B232E1-3651-35B0-82A5-422B74F1A60F}.Debug|x64.ActiveCfg = Debug|x64
		{68B232E1-3651-35B0-82A5-422B74F1A60F}.Release|x64.ActiveCfg = Release|x64
		{65757C78-946E-3863-A83E-AAC8BC5C1709}.Debug|x64.ActiveCfg = Debug|x64
		{65757C78-946E-3863-A83E-AAC8BC5C1709}.Release|x64.ActiveCfg = Release|x64
		{24CA3400-49FA-35EF-B285-D99AE5E402BC}.Debug|x64.ActiveCfg = Debug|x64
		{24CA3400-49FA-35EF-B285-D99AE5E402BC}.Debug|x64.Build.0 = Debug|x64
		{24CA3400-49FA-35EF-B285-D99AE5E402BC}.Release|x64.ActiveCfg = Release|x64
		{24CA3400-49FA-35EF-B285-D99AE5E402BC}.Release|x64.Build.0 = Release|x64
		{7FF27C01-E90A-3793-AF55-3D84B4F99E2E}.Debug|x64.ActiveCfg = Debug|x64
		{7FF27C01-E90A-3793-AF55-3D84B4F99E2E}.Debug|x64.Build.0 = Debug|x64
		{7FF27C01-E90A-3793-AF55-3D84B4F99E2E}.Release|x64.ActiveCfg = Release|x64
		{7FF27C01-E90A-3793-AF55-3D84B4F99E2E}.Release|x64.Build.0 = Release|x64
		{D74A9B89-5CF4-30CF-8C79-A7459B85F5EA}.Debug|x64.ActiveCfg = Debug|x64
		{D74A9B89-5CF4-30CF-8C79-A7459B85F5EA}.Debug|x64.Build.0 = Debug|x64
		{D74A9B89-5CF4-30CF-8C79-A7459B85F5EA}.Release|x64.ActiveCfg = Release|x64
		{D74A9B89-5CF4-30CF-8C79-A7459B85F5EA}.Release|x64.Build.0 = Release|x64
		{649A9233-00CB-3CEC-87EF-647025D07492}.Debug|x64.ActiveCfg = Debug|x64
		{649A9233-00CB-3CEC-87EF-647025D07492}.Debug|x64.Build.0 = Debug|x64
		{649A9233-00CB-3CEC-87EF-647025D07492}.Release|x64.ActiveCfg = Release|x64
		{649A9233-00CB-3CEC-87EF-647025D07492}.Release|x64.Build.0 = Release|x64
		{C6B6D7EF-6768-38D1-94CF-BF70AD3931A6}.Debug|x64.ActiveCfg = Debug|x64
		{C6B6D7EF-6768-38D1-94CF-BF70AD3931A6}.Debug|x64.Build.0 = Debug|x64
		{C6B6D7EF-6768-38D1-94CF-BF70AD3931A6}.Release|x64.ActiveCfg = Release|x64
		{C6B6D7EF-6768-38D1-94CF-BF70AD3931A6}.Release|x64.Build.0 = Release|x64
		{38C392F6-38AE-3F79-887E-C26B32A915AC}.Debug|x64.ActiveCfg = Debug|x64
		{38C392F6-38AE-3F79-887E-C26B32A915AC}.Debug|x64.Build.0 = Debug|x64
		{38C392F6-38AE-3F79-887E-C26B32A915AC}.Release|x64.ActiveCfg = Release|x64
		{38C392F6-38AE-3F79-887E-C26B32A915AC}.Release|x64.Build.0 = Release|x64
		{8C0201B8-E4DF-30A7-B7F0-8681FD7D7C9D}.Debug|x64.ActiveCfg = Debug|x64
		{8C0201B8-E4DF-30A7-B7F0-8681FD7D7C9D}.Debug|x64.Build.0 = Debug|x64
		{8C0201B8-E4DF-30A7-B7F0-8681FD7D7C9D}.Release|x64.ActiveCfg = Release|x64
		{8C0201B8-E4DF-30A7-B7F0-8681FD7D7C9D}.Release|x64.Build.0 = Release|x64
		{90516A3D-A023-3AA6-94EE-E142B70CB810}.Debug|x64.ActiveCfg = Debug|x64
		{90516A3D-A023-3AA6-94EE-E142B70CB810}.Debug|x64.Build.0 = Debug|x64
		{90516A3D-A023-3AA6-94EE-E142B70CB810}.Release|x64.ActiveCfg = Release|x64
		{90516A3D-A023-3AA6-94EE-E142B70CB810}.Release|x64.Build.0 = Release|x64
		{BA793853-72C4-3147-B845-938B99BFA68F}.Debug|x64.ActiveCfg = Debug|x64
		{BA793853-72C4-3147-B845-938B99BFA68F}.Debug|x64.Build.0 = Debug|x64
		{BA793853-72C4-3147-B845-938B99BFA68F}.Release|x64.ActiveCfg = Release|x64
		{BA793853-72C4-3147-B845-938B99BFA68F}.Release|x64.Build.0 = Release|x64
		{475B3F5C-1B75-3A30-8718-BDA814C45580}.Debug|x64.ActiveCfg = Debug|x64
		{475B3F5C-1B75-3A30-8718-BDA814C45580}.Debug|x64.Build.0 = Debug|x64
		{475B3F5C-1B75-3A30-8718-BDA814C45580}.Release|x64.ActiveCfg = Release|x64
		{475B3F5C-1B75-3A30-8718-BDA814C45580}.Release|x64.Build.0 = Release|x64
		{C5A1E9EB-8ACD-3F16-902C-3D08DAFBE0C0}.Debug|x64.ActiveCfg = Debug|x64
		{C5A1E9EB-8ACD-3F16-902C-3D08DAFBE0C0}.Debug|x64.Build.0 = Debug|x64
		{C5A1E9EB-8ACD-3F16-902C-3D08DAFBE0C0}.Release|x64.ActiveCfg = Release|x64
		{C5A1E9EB-8ACD-3F16-902C-3D08DAFBE0C0}.Release|x64.Build.0 = Release|x64
		{731C582F-9872-31D8-B7BE-38159AC32B97}.Debug|x64.ActiveCfg = Debug|x64
		{731C582F-9872-31D8-B7BE-38159AC32B97}.Debug|x64.Build.0 = Debug|x64
		{731C582F-9872-31D8-B7BE-38159AC32B97}.Release|x64.ActiveCfg = Release|x64
		{731C582F-9872-31D8-B7BE-38159AC32B97}.Release|x64.Build.0 = Release|x64
		{37C7819A-C89F-37C2-BD72-C6380361011C}.Debug|x64.ActiveCfg = Debug|x64
		{37C7819A-C89F-37C2-BD72-C6380361011C}.Debug|x64.Build.0 = Debug|x64
		{37C7819A-C89F-37C2-BD72-C6380361011C}.Release|x64.ActiveCfg = Release|x64
		{37C7819A-C89F-37C2-BD72-C6380361011C}.Release|x64.Build.0 = Release|x64
		{A9C89128-C5FE-3592-8011-136AFD2591A5}.Debug|x64.ActiveCfg = Debug|x64
		{A9C89128-C5FE-3592-8011-136AFD2591A5}.Debug|x64.Build.0 = Debug|x64
		{A9C89128-C5FE-3592-8011-136AFD2591A5}.Release|x64.ActiveCfg = Release|x64
		{A9C89128-C5FE-3592-8011-136AFD2591A5}.Release|x64.Build.0 = Release|x64
		{159A43EC-79E7-373C-8C1F-062D9D171F4D}.Debug|x64.ActiveCfg = Debug|x64
		{159A43EC-79E7-373C-8C1F-062D9D171F4D}.Debug|x64.Build.0 = Debug|x64
		{159A43EC-79E7-373C-8C1F-062D9D171F4D}.Release|x64.ActiveCfg = Release|x64
		{159A43EC-79E7-373C-8C1F-062D9D171F4D}.Release|x64.Build.0 = Release|x64
		{6B8DCD59-3B99-3147-B175-A27DF2949A44}.Debug|x64.ActiveCfg = Debug|x64
		{6B8DCD59-3B99-3147-B175-A27DF2949A44}.Debug|x64.Build.0 = Debug|x64
		{6B8DCD59-3B99-3147-B175-A27DF2949A44}.Release|x64.ActiveCfg = Release|x64
		{6B8DCD59-3B99-3147-B175-A27DF2949A44}.Release|x64.Build.0 = Release|x64
		{34176B70-BA95-353E-891E-E4B5C787C619}.Debug|x64.ActiveCfg = Debug|x64
		{34176B70-BA95-353E-891E-E4B5C787C619}.Debug|x64.Build.0 = Debug|x64
		{34176B70-BA95-353E-891E-E4B5C787C619}.Release|x64.ActiveCfg = Release|x64
		{34176B70-BA95-353E-891E-E4B5C787C619}.Release|x64.Build.0 = Release|x64
		{C4467F71-00DB-3E28-9B40-FEDD5E1C22A2}.Debug|x64.ActiveCfg = Debug|x64
		{C4467F71-00DB-3E28-9B40-FEDD5E1C22A2}.Debug|x64.Build.0 = Debug|x64
		{C4467F71-00DB-3E28-9B40-FEDD5E1C22A2}.Release|x64.ActiveCfg = Release|x64
		{C4467F71-00DB-3E28-9B40-FEDD5E1C22A2}.Release|x64.Build.0 = Release|x64
		{BE690F4E-E166-3F52-9946-57628F53E834}.Debug|x64.ActiveCfg = Debug|x64
		{BE690F4E-E166-3F52-9946-57628F53E834}.Debug|x64.Build.0 = Debug|x64
		{BE690F4E-E166-3F52-9946-57628F53E834}.Release|x64.ActiveCfg = Release|x64
		{BE690F4E-E166-3F52-9946-57628F53E834}.Release|x64.Build.0 = Release|x64
		{797C4E96-71BD-3B5B-BE42-E5F7935527F0}.Debug|x64.ActiveCfg = Debug|x64
		{797C4E96-71BD-3B5B-BE42-E5F7935527F0}.Debug|x64.Build.0 = Debug|x64
		{797C4E96-71BD-3B5B-BE42-E5F7935527F0}.Release|x64.ActiveCfg = Release|x64
		{797C4E96-71BD-3B5B-BE42-E5F7935527F0}.Release|x64.Build.0 = Release|x64
		{58B5D12E-5F0B-3C80-BC41-2DE456ED9EB8}.Debug|x64.ActiveCfg = Debug|x64
		{58B5D12E-5F0B-3C80-BC41-2DE456ED9EB8}.Debug|x64.Build.0 = Debug|x64
		{58B5D12E-5F0B-3C80-BC41-2DE456ED9EB8}.Release|x64.ActiveCfg = Release|x64
		{58B5D12E-5F0B-3C80-BC41-2DE456ED9EB8}.Release|x64.Build.0 = Release|x64
		{C4635E32-D531-3227-B096-F5CF1CDEFB19}.Debug|x64.ActiveCfg = Debug|x64
		{C4635E32-D531-3227-B096-F5CF1CDEFB19}.Debug|x64.Build.0 = Debug|x64
		{C4635E32-D531-3227-B096-F5CF1CDEFB19}.Release|x64.ActiveCfg = Release|x64
		{C4635E32-D531-3227-B096-F5CF1CDEFB19}.Release|x64.Build.0 = Release|x64
		{8A71F33E-C678-3C4A-8307-5712C3B2C2BC}.Debug|x64.ActiveCfg = Debug|x64
		{8A71F33E-C678-3C4A-8307-5712C3B2C2BC}.Debug|x64.Build.0 = Debug|x64
		{8A71F33E-C678-3C4A-8307-5712C3B2C2BC}.Release|x64.ActiveCfg = Release|x64
		{8A71F33E-C678-3C4A-8307-5712C3B2C2BC}.Release|x64.Build.0 = Release|x64
		{1D07BECF-DAAE-3513-9410-AC313F4AE47C}.Debug|x64.ActiveCfg = Debug|x64
		{1D07BECF-DAAE-3513-9410-AC313F4AE47C}.Debug|x64.Build.0 = Debug|x64
		{1D07BECF-DAAE-3513-9410-AC313F4AE47C}.Release|x64.ActiveCfg = Release|x64
		{1D07BECF-DAAE-3513-9410-AC313F4AE47C}.Release|x64.Build.0 = Release|x64
	EndGlobalSection
	GlobalSection(NestedProjects) = preSolution
		{24CA3400-49FA-35EF-B285-D99AE5E402BC} = {ABDF7582-C49A-3158-B931-DD7C10C4F431}
		{7FF27C01-E90A-3793-AF55-3D84B4F99E2E} = {ABDF7582-C49A-3158-B931-DD7C10C4F431}
		{8A71F33E-C678-3C4A-8307-5712C3B2C2BC} = {ABDF7582-C49A-3158-B931-DD7C10C4F431}
		{1D07BECF-DAAE-3513-9410-AC313F4AE47C} = {ABDF7582-C49A-3158-B931-DD7C10C4F431}
		{F1D10C38-1C47-3787-986F-ECEB8EE466AA} = {EB15E31D-3696-3421-A93D-3F0889EC0F89}
		{E7F745B7-91DA-3F0B-B460-E38C9A2C0D00} = {EB15E31D-3696-3421-A93D-3F0889EC0F89}
		{68B232E1-3651-35B0-82A5-422B74F1A60F} = {EB15E31D-3696-3421-A93D-3F0889EC0F89}
		{65757C78-946E-3863-A83E-AAC8BC5C1709} = {EB15E31D-3696-3421-A93D-3F0889EC0F89}
		{649A9233-00CB-3CEC-87EF-647025D07492} = {E6E1F2FD-7587-3489-98E2-AF72E5F2F861}
		{38C392F6-38AE-3F79-887E-C26B32A915AC} = {E6E1F2FD-7587-3489-98E2-AF72E5F2F861}
		{8C0201B8-E4DF-30A7-B7F0-8681FD7D7C9D} = {E6E1F2FD-7587-3489-98E2-AF72E5F2F861}
		{90516A3D-A023-3AA6-94EE-E142B70CB810} = {E6E1F2FD-7587-3489-98E2-AF72E5F2F861}
		{BA793853-72C4-3147-B845-938B99BFA68F} = {E6E1F2FD-7587-3489-98E2-AF72E5F2F861}
		{475B3F5C-1B75-3A30-8718-BDA814C45580} = {E6E1F2FD-7587-3489-98E2-AF72E5F2F861}
		{37C7819A-C89F-37C2-BD72-C6380361011C} = {E6E1F2FD-7587-3489-98E2-AF72E5F2F861}
		{A9C89128-C5FE-3592-8011-136AFD2591A5} = {E6E1F2FD-7587-3489-98E2-AF72E5F2F861}
		{159A43EC-79E7-373C-8C1F-062D9D171F4D} = {E6E1F2FD-7587-3489-98E2-AF72E5F2F861}
		{C4467F71-00DB-3E28-9B40-FEDD5E1C22A2} = {E6E1F2FD-7587-3489-98E2-AF72E5F2F861}
		{BE690F4E-E166-3F52-9946-57628F53E834} = {E6E1F2FD-7587-3489-98E2-AF72E5F2F861}
		{797C4E96-71BD-3B5B-BE42-E5F7935527F0} = {E6E1F2FD-7587-3489-98E2-AF72E5F2F861}
		{58B5D12E-5F0B-3C80-BC41-2DE456ED9EB8} = {E6E1F2FD-7587-3489-98E2-AF72E5F2F861}
		{D74A9B89-5CF4-30CF-8C79-A7459B85F5EA} = {33B04BE0-2E79-379F-BCB3-979D1DF611AD}
		{C6B6D7EF-6768-38D1-94CF-BF70AD3931A6} = {33B04BE0-2E79-379F-BCB3-979D1DF611AD}
		{C5A1E9EB-8ACD-3F16-902C-3D08DAFBE0C0} = {33B04BE0-2E79-379F-BCB3-979D1DF611AD}
		{731C582F-9872-31D8-B7BE-38159AC32B97} = {33B04BE0-2E79-379F-BCB3-979D1DF611AD}
		{6B8DCD59-3B99-3147-B175-A27DF2949A44} = {33B04BE0-2E79-379F-BCB3-979D1DF611AD}
		{34176B70-BA95-353E-891E-E4B5C787C619} = {33B04BE0-2E79-379F-BCB3-979D1DF611AD}
		{C4635E32-D531-3227-B096-F5CF1CDEFB19} = {33B04BE0-2E79-379F-BCB3-979D1DF611AD}
	EndGlobalSection
	GlobalSection(ExtensibilityGlobals) = postSolution
		SolutionGuid = {30D58079-7A0D-3574-A533-F113414CA1F3}
	EndGlobalSection
	GlobalSection(ExtensibilityAddIns) = postSolution
	EndGlobalSection
EndGlobal
